
Microsoft Visual Studio Solution File, Format Version 12.00
# Visual Studio 15
Project("{FAE04EC0-301F-11D3-BF4B-00C04F79EFBC}") = "MicrosoftSolution", "MicrosoftSolution\MicrosoftSolution.csproj", "{5AA249AF-C0BA-4774-80C0-0D8B8DDE6589}"
EndProject
Global
	GlobalSection(SolutionConfigurationPlatforms) = preSolution
		Debug|Any CPU = Debug|Any CPU
		Release|Any CPU = Release|Any CPU
	EndGlobalSection
	GlobalSection(ProjectConfigurationPlatforms) = postSolution
		{5AA249AF-C0BA-4774-80C0-0D8B8DDE6589}.Debug|Any CPU.ActiveCfg = Debug|Any CPU
		{5AA249AF-C0BA-4774-80C0-0D8B8DDE6589}.Debug|Any CPU.Build.0 = Debug|Any CPU
		{5AA249AF-C0BA-4774-80C0-0D8B8DDE6589}.Release|Any CPU.ActiveCfg = Release|Any CPU
		{5AA249AF-C0BA-4774-80C0-0D8B8DDE6589}.Release|Any CPU.Build.0 = Release|Any CPU
	EndGlobalSection
	GlobalSection(MonoDevelopProperties) = preSolution
		Policies = $0
		$0.DotNetNamingPolicy = $1
		$1.DirectoryNamespaceAssociation = PrefixedFlat
	EndGlobalSection
EndGlobal
